
Microsoft Visual Studio Solution File, Format Version 12.00
# Visual Studio Version 17
VisualStudioVersion = 17.10.35027.167
MinimumVisualStudioVersion = 10.0.40219.1
Project("{FAE04EC0-301F-11D3-BF4B-00C04F79EFBC}") = "Assignment_1", "Assignment_1\Assignment_1.csproj", "{27ADEF71-0DB0-43DA-B643-F9E54DA56981}"
EndProject
Global
	GlobalSection(SolutionConfigurationPlatforms) = preSolution
		Debug|Any CPU = Debug|Any CPU
		Release|Any CPU = Release|Any CPU
	EndGlobalSection
	GlobalSection(ProjectConfigurationPlatforms) = postSolution
		{27ADEF71-0DB0-43DA-B643-F9E54DA56981}.Debug|Any CPU.ActiveCfg = Debug|Any CPU
		{27ADEF71-0DB0-43DA-B643-F9E54DA56981}.Debug|Any CPU.Build.0 = Debug|Any CPU
		{27ADEF71-0DB0-43DA-B643-F9E54DA56981}.Release|Any CPU.ActiveCfg = Release|Any CPU
		{27ADEF71-0DB0-43DA-B643-F9E54DA56981}.Release|Any CPU.Build.0 = Release|Any CPU
	EndGlobalSection
	GlobalSection(SolutionProperties) = preSolution
		HideSolutionNode = FALSE
	EndGlobalSection
	GlobalSection(ExtensibilityGlobals) = postSolution
		SolutionGuid = {7D6FBC73-8935-4EAB-A0FE-B8856676EA8E}
	EndGlobalSection
EndGlobal
