
Microsoft Visual Studio Solution File, Format Version 12.00
# Visual Studio Version 17
VisualStudioVersion = 17.10.35027.167
MinimumVisualStudioVersion = 10.0.40219.1
Project("{FAE04EC0-301F-11D3-BF4B-00C04F79EFBC}") = "Assignment_15", "Assignment_15\Assignment_15.csproj", "{6F0ABC80-7A3E-4DB1-9000-3F885CC964AC}"
EndProject
Global
	GlobalSection(SolutionConfigurationPlatforms) = preSolution
		Debug|Any CPU = Debug|Any CPU
		Release|Any CPU = Release|Any CPU
	EndGlobalSection
	GlobalSection(ProjectConfigurationPlatforms) = postSolution
		{6F0ABC80-7A3E-4DB1-9000-3F885CC964AC}.Debug|Any CPU.ActiveCfg = Debug|Any CPU
		{6F0ABC80-7A3E-4DB1-9000-3F885CC964AC}.Debug|Any CPU.Build.0 = Debug|Any CPU
		{6F0ABC80-7A3E-4DB1-9000-3F885CC964AC}.Release|Any CPU.ActiveCfg = Release|Any CPU
		{6F0ABC80-7A3E-4DB1-9000-3F885CC964AC}.Release|Any CPU.Build.0 = Release|Any CPU
	EndGlobalSection
	GlobalSection(SolutionProperties) = preSolution
		HideSolutionNode = FALSE
	EndGlobalSection
	GlobalSection(ExtensibilityGlobals) = postSolution
		SolutionGuid = {4030DD66-846C-4E23-9FCB-5C18404AAF47}
	EndGlobalSection
EndGlobal
